PODS:
  - LookinServer/Core (1.2.7)
  - LookinServer/Swift (1.2.7):
    - LookinServer/Core

DEPENDENCIES:
  - LookinServer/Swift (from `../../`)

EXTERNAL SOURCES:
  LookinServer:
    :path: "../../"

SPEC CHECKSUMS:
  LookinServer: 36f1a0ad280de34b9794cf8825867fcc2dd93e75

PODFILE CHECKSUM: 46caada19d34f471f9e44165d96af39e799fd091

COCOAPODS: 1.14.3
