PODS:
  - LookinServer/Core (1.2.3)
  - LookinServer/Swift (1.2.3):
    - LookinServer/Core

DEPENDENCIES:
  - LookinServer/Swift (from `../../`)

EXTERNAL SOURCES:
  LookinServer:
    :path: "../../"

SPEC CHECKSUMS:
  LookinServer: 535f5d1ffd5823a3b0abaf97ba5c4108bd8cb5ea

PODFILE CHECKSUM: 46caada19d34f471f9e44165d96af39e799fd091

COCOAPODS: 1.13.0
