{
  "pins" : [
    {
      "identity" : "lookinserver",
      "kind" : "remoteSourceControl",
      "location" : "https://github.com/QMUI/LookinServer",
      "state" : {
        "branch" : "develop",
        "revision" : "31a61ba4aeb0b0190a6e0e544bc310ce006b9d70"
      }
    }
  ],
  "version" : 2
}
