{
  "pins" : [
    {
      "identity" : "lookinserver",
      "kind" : "remoteSourceControl",
      "location" : "https://github.com/QMUI/LookinServer",
      "state" : {
        "branch" : "develop",
        "revision" : "d7093d7cae9f4906bf260175c45a6f7ce01ce8cc"
      }
    }
  ],
  "version" : 2
}
