PODS:
  - LookinServer/Core (1.0.7)
  - LookinServer/Swift (1.0.7):
    - LookinServer/Core

DEPENDENCIES:
  - LookinServer/Swift (from `../../`)

EXTERNAL SOURCES:
  LookinServer:
    :path: "../../"

SPEC CHECKSUMS:
  LookinServer: f59f9724c1e7c927379304af715a205963c3e384

PODFILE CHECKSUM: 7148110113ca7542c2775432943ec6dccaa0e95b

COCOAPODS: 1.11.3
