PODS:
  - LookinServer/Core (1.1.0)
  - LookinServer/Swift (1.1.0):
    - LookinServer/Core

DEPENDENCIES:
  - LookinServer/Swift (from `../../`)

EXTERNAL SOURCES:
  LookinServer:
    :path: "../../"

SPEC CHECKSUMS:
  LookinServer: 625b23d275e58e35048a94ce5919a4dac5116374

PODFILE CHECKSUM: 7148110113ca7542c2775432943ec6dccaa0e95b

COCOAPODS: 1.9.3
