PODS:
  - LookinServer/Core (1.1.4)
  - LookinServer/Swift (1.1.4):
    - LookinServer/Core

DEPENDENCIES:
  - LookinServer/Swift (from `../../`)

EXTERNAL SOURCES:
  LookinServer:
    :path: "../../"

SPEC CHECKSUMS:
  LookinServer: a5066d97f43d43b6ef69c51d6595d7ad615b67b2

PODFILE CHECKSUM: 7148110113ca7542c2775432943ec6dccaa0e95b

COCOAPODS: 1.11.3
