PODS:
  - LookinServer/Core (1.2.1)
  - LookinServer/SwiftAndNoHook (1.2.1):
    - LookinServer/Core

DEPENDENCIES:
  - LookinServer/SwiftAndNoHook (from `../../`)

EXTERNAL SOURCES:
  LookinServer:
    :path: "../../"

SPEC CHECKSUMS:
  LookinServer: 84c9b61b7f5c85c15a69fb6a4b651f1be80ed024

PODFILE CHECKSUM: eb50430bf9dd23af6777672cadfa1143d91a15bd

COCOAPODS: 1.12.1
