PODS:
  - LookinServer (1.2.3):
    - LookinServer/Core (= 1.2.3)
  - LookinServer/Core (1.2.3)

DEPENDENCIES:
  - LookinServer (from `../../`)

EXTERNAL SOURCES:
  LookinServer:
    :path: "../../"

SPEC CHECKSUMS:
  LookinServer: 535f5d1ffd5823a3b0abaf97ba5c4108bd8cb5ea

PODFILE CHECKSUM: bd8c90bfc53358a621951fcbca2c2285d1cda382

COCOAPODS: 1.13.0
