PODS:
  - LookinServer (1.2.2):
    - LookinServer/Core (= 1.2.2)
  - LookinServer/Core (1.2.2)

DEPENDENCIES:
  - LookinServer (= 1.2.2)

SPEC REPOS:
  trunk:
    - LookinServer

SPEC CHECKSUMS:
  LookinServer: 3204eefff2f18e19fa546931fb5f1b88bc709a0b

PODFILE CHECKSUM: 4f1edc26945edbffc6921c7ed27078729bb3c386

COCOAPODS: 1.11.3
