// !$*UTF8*$!
{
	archiveVersion = 1;
	classes = {
	};
	objectVersion = 55;
	objects = {

/* Begin PBXBuildFile section */
		79EC7DAE85ED89797E9A564E /* Pods_LookinDemoOC.framework in Frameworks */ = {isa = PBXBuildFile; fileRef = 080AFB1460A709729164AAD0 /* Pods_LookinDemoOC.framework */; };
		A76A159328F43C5A00086B38 /* AppDelegate.m in Sources */ = {isa = PBXBuildFile; fileRef = A76A159228F43C5A00086B38 /* AppDelegate.m */; };
		A76A159628F43C5A00086B38 /* SceneDelegate.m in Sources */ = {isa = PBXBuildFile; fileRef = A76A159528F43C5A00086B38 /* SceneDelegate.m */; };
		A76A159928F43C5A00086B38 /* ViewController.m in Sources */ = {isa = PBXBuildFile; fileRef = A76A159828F43C5A00086B38 /* ViewController.m */; };
		A76A159C28F43C5A00086B38 /* Main.storyboard in Resources */ = {isa = PBXBuildFile; fileRef = A76A159A28F43C5A00086B38 /* Main.storyboard */; };
		A76A159E28F43C5B00086B38 /* Assets.xcassets in Resources */ = {isa = PBXBuildFile; fileRef = A76A159D28F43C5B00086B38 /* Assets.xcassets */; };
		A76A15A128F43C5B00086B38 /* LaunchScreen.storyboard in Resources */ = {isa = PBXBuildFile; fileRef = A76A159F28F43C5B00086B38 /* LaunchScreen.storyboard */; };
		A76A15A428F43C5B00086B38 /* main.m in Sources */ = {isa = PBXBuildFile; fileRef = A76A15A328F43C5B00086B38 /* main.m */; };
/* End PBXBuildFile section */

/* Begin PBXFileReference section */
		080AFB1460A709729164AAD0 /* Pods_LookinDemoOC.framework */ = {isa = PBXFileReference; explicitFileType = wrapper.framework; includeInIndex = 0; path = Pods_LookinDemoOC.framework; sourceTree = BUILT_PRODUCTS_DIR; };
		3B49E0C73BA853265940365C /* Pods-LookinDemoOC.debug.xcconfig */ = {isa = PBXFileReference; includeInIndex = 1; lastKnownFileType = text.xcconfig; name = "Pods-LookinDemoOC.debug.xcconfig"; path = "Target Support Files/Pods-LookinDemoOC/Pods-LookinDemoOC.debug.xcconfig"; sourceTree = "<group>"; };
		A76A158E28F43C5A00086B38 /* LookinDemoOC.app */ = {isa = PBXFileReference; explicitFileType = wrapper.application; includeInIndex = 0; path = LookinDemoOC.app; sourceTree = BUILT_PRODUCTS_DIR; };
		A76A159128F43C5A00086B38 /* AppDelegate.h */ = {isa = PBXFileReference; lastKnownFileType = sourcecode.c.h; path = AppDelegate.h; sourceTree = "<group>"; };
		A76A159228F43C5A00086B38 /* AppDelegate.m */ = {isa = PBXFileReference; lastKnownFileType = sourcecode.c.objc; path = AppDelegate.m; sourceTree = "<group>"; };
		A76A159428F43C5A00086B38 /* SceneDelegate.h */ = {isa = PBXFileReference; lastKnownFileType = sourcecode.c.h; path = SceneDelegate.h; sourceTree = "<group>"; };
		A76A159528F43C5A00086B38 /* SceneDelegate.m */ = {isa = PBXFileReference; lastKnownFileType = sourcecode.c.objc; path = SceneDelegate.m; sourceTree = "<group>"; };
		A76A159728F43C5A00086B38 /* ViewController.h */ = {isa = PBXFileReference; lastKnownFileType = sourcecode.c.h; path = ViewController.h; sourceTree = "<group>"; };
		A76A159828F43C5A00086B38 /* ViewController.m */ = {isa = PBXFileReference; lastKnownFileType = sourcecode.c.objc; path = ViewController.m; sourceTree = "<group>"; };
		A76A159B28F43C5A00086B38 /* Base */ = {isa = PBXFileReference; lastKnownFileType = file.storyboard; name = Base; path = Base.lproj/Main.storyboard; sourceTree = "<group>"; };
		A76A159D28F43C5B00086B38 /* Assets.xcassets */ = {isa = PBXFileReference; lastKnownFileType = folder.assetcatalog; path = Assets.xcassets; sourceTree = "<group>"; };
		A76A15A028F43C5B00086B38 /* Base */ = {isa = PBXFileReference; lastKnownFileType = file.storyboard; name = Base; path = Base.lproj/LaunchScreen.storyboard; sourceTree = "<group>"; };
		A76A15A228F43C5B00086B38 /* Info.plist */ = {isa = PBXFileReference; lastKnownFileType = text.plist.xml; path = Info.plist; sourceTree = "<group>"; };
		A76A15A328F43C5B00086B38 /* main.m */ = {isa = PBXFileReference; lastKnownFileType = sourcecode.c.objc; path = main.m; sourceTree = "<group>"; };
		FD8E7F541A46626F2CA92333 /* Pods-LookinDemoOC.release.xcconfig */ = {isa = PBXFileReference; includeInIndex = 1; lastKnownFileType = text.xcconfig; name = "Pods-LookinDemoOC.release.xcconfig"; path = "Target Support Files/Pods-LookinDemoOC/Pods-LookinDemoOC.release.xcconfig"; sourceTree = "<group>"; };
/* End PBXFileReference section */

/* Begin PBXFrameworksBuildPhase section */
		A76A158B28F43C5A00086B38 /* Frameworks */ = {
			isa = PBXFrameworksBuildPhase;
			buildActionMask = 2147483647;
			files = (
				79EC7DAE85ED89797E9A564E /* Pods_LookinDemoOC.framework in Frameworks */,
			);
			runOnlyForDeploymentPostprocessing = 0;
		};
/* End PBXFrameworksBuildPhase section */

/* Begin PBXGroup section */
		14A94AA4ECD1528B5030D487 /* Frameworks */ = {
			isa = PBXGroup;
			children = (
				080AFB1460A709729164AAD0 /* Pods_LookinDemoOC.framework */,
			);
			name = Frameworks;
			sourceTree = "<group>";
		};
		A76A158528F43C5A00086B38 = {
			isa = PBXGroup;
			children = (
				A76A159028F43C5A00086B38 /* LookinDemoOC */,
				A76A158F28F43C5A00086B38 /* Products */,
				BF1594B12E23CAEE12826591 /* Pods */,
				14A94AA4ECD1528B5030D487 /* Frameworks */,
			);
			sourceTree = "<group>";
		};
		A76A158F28F43C5A00086B38 /* Products */ = {
			isa = PBXGroup;
			children = (
				A76A158E28F43C5A00086B38 /* LookinDemoOC.app */,
			);
			name = Products;
			sourceTree = "<group>";
		};
		A76A159028F43C5A00086B38 /* LookinDemoOC */ = {
			isa = PBXGroup;
			children = (
				A76A159128F43C5A00086B38 /* AppDelegate.h */,
				A76A159228F43C5A00086B38 /* AppDelegate.m */,
				A76A159428F43C5A00086B38 /* SceneDelegate.h */,
				A76A159528F43C5A00086B38 /* SceneDelegate.m */,
				A76A159728F43C5A00086B38 /* ViewController.h */,
				A76A159828F43C5A00086B38 /* ViewController.m */,
				A76A159A28F43C5A00086B38 /* Main.storyboard */,
				A76A159D28F43C5B00086B38 /* Assets.xcassets */,
				A76A159F28F43C5B00086B38 /* LaunchScreen.storyboard */,
				A76A15A228F43C5B00086B38 /* Info.plist */,
				A76A15A328F43C5B00086B38 /* main.m */,
			);
			path = LookinDemoOC;
			sourceTree = "<group>";
		};
		BF1594B12E23CAEE12826591 /* Pods */ = {
			isa = PBXGroup;
			children = (
				3B49E0C73BA853265940365C /* Pods-LookinDemoOC.debug.xcconfig */,
				FD8E7F541A46626F2CA92333 /* Pods-LookinDemoOC.release.xcconfig */,
			);
			path = Pods;
			sourceTree = "<group>";
		};
/* End PBXGroup section */

/* Begin PBXNativeTarget section */
		A76A158D28F43C5A00086B38 /* LookinDemoOC */ = {
			isa = PBXNativeTarget;
			buildConfigurationList = A76A15A728F43C5B00086B38 /* Build configuration list for PBXNativeTarget "LookinDemoOC" */;
			buildPhases = (
				12A4A97A0FBC52F9E5DCCE05 /* [CP] Check Pods Manifest.lock */,
				A76A158A28F43C5A00086B38 /* Sources */,
				A76A158B28F43C5A00086B38 /* Frameworks */,
				A76A158C28F43C5A00086B38 /* Resources */,
				AACF308283AC7BFFC294C062 /* [CP] Embed Pods Frameworks */,
			);
			buildRules = (
			);
			dependencies = (
			);
			name = LookinDemoOC;
			productName = LookinDemoOC;
			productReference = A76A158E28F43C5A00086B38 /* LookinDemoOC.app */;
			productType = "com.apple.product-type.application";
		};
/* End PBXNativeTarget section */

/* Begin PBXProject section */
		A76A158628F43C5A00086B38 /* Project object */ = {
			isa = PBXProject;
			attributes = {
				BuildIndependentTargetsInParallel = 1;
				LastUpgradeCheck = 1400;
				TargetAttributes = {
					A76A158D28F43C5A00086B38 = {
						CreatedOnToolsVersion = 14.0;
					};
				};
			};
			buildConfigurationList = A76A158928F43C5A00086B38 /* Build configuration list for PBXProject "LookinDemoOC" */;
			compatibilityVersion = "Xcode 13.0";
			developmentRegion = en;
			hasScannedForEncodings = 0;
			knownRegions = (
				en,
				Base,
			);
			mainGroup = A76A158528F43C5A00086B38;
			productRefGroup = A76A158F28F43C5A00086B38 /* Products */;
			projectDirPath = "";
			projectRoot = "";
			targets = (
				A76A158D28F43C5A00086B38 /* LookinDemoOC */,
			);
		};
/* End PBXProject section */

/* Begin PBXResourcesBuildPhase section */
		A76A158C28F43C5A00086B38 /* Resources */ = {
			isa = PBXResourcesBuildPhase;
			buildActionMask = 2147483647;
			files = (
				A76A15A128F43C5B00086B38 /* LaunchScreen.storyboard in Resources */,
				A76A159E28F43C5B00086B38 /* Assets.xcassets in Resources */,
				A76A159C28F43C5A00086B38 /* Main.storyboard in Resources */,
			);
			runOnlyForDeploymentPostprocessing = 0;
		};
/* End PBXResourcesBuildPhase section */

/* Begin PBXShellScriptBuildPhase section */
		12A4A97A0FBC52F9E5DCCE05 /* [CP] Check Pods Manifest.lock */ = {
			isa = PBXShellScriptBuildPhase;
			buildActionMask = 2147483647;
			files = (
			);
			inputFileListPaths = (
			);
			inputPaths = (
				"${PODS_PODFILE_DIR_PATH}/Podfile.lock",
				"${PODS_ROOT}/Manifest.lock",
			);
			name = "[CP] Check Pods Manifest.lock";
			outputFileListPaths = (
			);
			outputPaths = (
				"$(DERIVED_FILE_DIR)/Pods-LookinDemoOC-checkManifestLockResult.txt",
			);
			runOnlyForDeploymentPostprocessing = 0;
			shellPath = /bin/sh;
			shellScript = "diff \"${PODS_PODFILE_DIR_PATH}/Podfile.lock\" \"${PODS_ROOT}/Manifest.lock\" > /dev/null\nif [ $? != 0 ] ; then\n    # print error to STDERR\n    echo \"error: The sandbox is not in sync with the Podfile.lock. Run 'pod install' or update your CocoaPods installation.\" >&2\n    exit 1\nfi\n# This output is used by Xcode 'outputs' to avoid re-running this script phase.\necho \"SUCCESS\" > \"${SCRIPT_OUTPUT_FILE_0}\"\n";
			showEnvVarsInLog = 0;
		};
		AACF308283AC7BFFC294C062 /* [CP] Embed Pods Frameworks */ = {
			isa = PBXShellScriptBuildPhase;
			buildActionMask = 2147483647;
			files = (
			);
			inputFileListPaths = (
				"${PODS_ROOT}/Target Support Files/Pods-LookinDemoOC/Pods-LookinDemoOC-frameworks-${CONFIGURATION}-input-files.xcfilelist",
			);
			name = "[CP] Embed Pods Frameworks";
			outputFileListPaths = (
				"${PODS_ROOT}/Target Support Files/Pods-LookinDemoOC/Pods-LookinDemoOC-frameworks-${CONFIGURATION}-output-files.xcfilelist",
			);
			runOnlyForDeploymentPostprocessing = 0;
			shellPath = /bin/sh;
			shellScript = "\"${PODS_ROOT}/Target Support Files/Pods-LookinDemoOC/Pods-LookinDemoOC-frameworks.sh\"\n";
			showEnvVarsInLog = 0;
		};
/* End PBXShellScriptBuildPhase section */

/* Begin PBXSourcesBuildPhase section */
		A76A158A28F43C5A00086B38 /* Sources */ = {
			isa = PBXSourcesBuildPhase;
			buildActionMask = 2147483647;
			files = (
				A76A159928F43C5A00086B38 /* ViewController.m in Sources */,
				A76A159328F43C5A00086B38 /* AppDelegate.m in Sources */,
				A76A15A428F43C5B00086B38 /* main.m in Sources */,
				A76A159628F43C5A00086B38 /* SceneDelegate.m in Sources */,
			);
			runOnlyForDeploymentPostprocessing = 0;
		};
/* End PBXSourcesBuildPhase section */

/* Begin PBXVariantGroup section */
		A76A159A28F43C5A00086B38 /* Main.storyboard */ = {
			isa = PBXVariantGroup;
			children = (
				A76A159B28F43C5A00086B38 /* Base */,
			);
			name = Main.storyboard;
			sourceTree = "<group>";
		};
		A76A159F28F43C5B00086B38 /* LaunchScreen.storyboard */ = {
			isa = PBXVariantGroup;
			children = (
				A76A15A028F43C5B00086B38 /* Base */,
			);
			name = LaunchScreen.storyboard;
			sourceTree = "<group>";
		};
/* End PBXVariantGroup section */

/* Begin XCBuildConfiguration section */
		A76A15A528F43C5B00086B38 /* Debug */ = {
			isa = XCBuildConfiguration;
			buildSettings = {
				ALWAYS_SEARCH_USER_PATHS = NO;
				CLANG_ANALYZER_NONNULL = YES;
				CLANG_ANALYZER_NUMBER_OBJECT_CONVERSION = YES_AGGRESSIVE;
				CLANG_CXX_LANGUAGE_STANDARD = "gnu++20";
				CLANG_ENABLE_MODULES = YES;
				CLANG_ENABLE_OBJC_ARC = YES;
				CLANG_ENABLE_OBJC_WEAK = YES;
				CLANG_WARN_BLOCK_CAPTURE_AUTORELEASING = YES;
				CLANG_WARN_BOOL_CONVERSION = YES;
				CLANG_WARN_COMMA = YES;
				CLANG_WARN_CONSTANT_CONVERSION = YES;
				CLANG_WARN_DEPRECATED_OBJC_IMPLEMENTATIONS = YES;
				CLANG_WARN_DIRECT_OBJC_ISA_USAGE = YES_ERROR;
				CLANG_WARN_DOCUMENTATION_COMMENTS = YES;
				CLANG_WARN_EMPTY_BODY = YES;
				CLANG_WARN_ENUM_CONVERSION = YES;
				CLANG_WARN_INFINITE_RECURSION = YES;
				CLANG_WARN_INT_CONVERSION = YES;
				CLANG_WARN_NON_LITERAL_NULL_CONVERSION = YES;
				CLANG_WARN_OBJC_IMPLICIT_RETAIN_SELF = YES;
				CLANG_WARN_OBJC_LITERAL_CONVERSION = YES;
				CLANG_WARN_OBJC_ROOT_CLASS = YES_ERROR;
				CLANG_WARN_QUOTED_INCLUDE_IN_FRAMEWORK_HEADER = YES;
				CLANG_WARN_RANGE_LOOP_ANALYSIS = YES;
				CLANG_WARN_STRICT_PROTOTYPES = YES;
				CLANG_WARN_SUSPICIOUS_MOVE = YES;
				CLANG_WARN_UNGUARDED_AVAILABILITY = YES_AGGRESSIVE;
				CLANG_WARN_UNREACHABLE_CODE = YES;
				CLANG_WARN__DUPLICATE_METHOD_MATCH = YES;
				COPY_PHASE_STRIP = NO;
				DEBUG_INFORMATION_FORMAT = dwarf;
				ENABLE_STRICT_OBJC_MSGSEND = YES;
				ENABLE_TESTABILITY = YES;
				GCC_C_LANGUAGE_STANDARD = gnu11;
				GCC_DYNAMIC_NO_PIC = NO;
				GCC_NO_COMMON_BLOCKS = YES;
				GCC_OPTIMIZATION_LEVEL = 0;
				GCC_PREPROCESSOR_DEFINITIONS = (
					"DEBUG=1",
					"$(inherited)",
				);
				GCC_WARN_64_TO_32_BIT_CONVERSION = YES;
				GCC_WARN_ABOUT_RETURN_TYPE = YES_ERROR;
				GCC_WARN_UNDECLARED_SELECTOR = YES;
				GCC_WARN_UNINITIALIZED_AUTOS = YES_AGGRESSIVE;
				GCC_WARN_UNUSED_FUNCTION = YES;
				GCC_WARN_UNUSED_VARIABLE = YES;
				IPHONEOS_DEPLOYMENT_TARGET = 16.0;
				MTL_ENABLE_DEBUG_INFO = INCLUDE_SOURCE;
				MTL_FAST_MATH = YES;
				ONLY_ACTIVE_ARCH = YES;
				SDKROOT = iphoneos;
			};
			name = Debug;
		};
		A76A15A628F43C5B00086B38 /* Release */ = {
			isa = XCBuildConfiguration;
			buildSettings = {
				ALWAYS_SEARCH_USER_PATHS = NO;
				CLANG_ANALYZER_NONNULL = YES;
				CLANG_ANALYZER_NUMBER_OBJECT_CONVERSION = YES_AGGRESSIVE;
				CLANG_CXX_LANGUAGE_STANDARD = "gnu++20";
				CLANG_ENABLE_MODULES = YES;
				CLANG_ENABLE_OBJC_ARC = YES;
				CLANG_ENABLE_OBJC_WEAK = YES;
				CLANG_WARN_BLOCK_CAPTURE_AUTORELEASING = YES;
				CLANG_WARN_BOOL_CONVERSION = YES;
				CLANG_WARN_COMMA = YES;
				CLANG_WARN_CONSTANT_CONVERSION = YES;
				CLANG_WARN_DEPRECATED_OBJC_IMPLEMENTATIONS = YES;
				CLANG_WARN_DIRECT_OBJC_ISA_USAGE = YES_ERROR;
				CLANG_WARN_DOCUMENTATION_COMMENTS = YES;
				CLANG_WARN_EMPTY_BODY = YES;
				CLANG_WARN_ENUM_CONVERSION = YES;
				CLANG_WARN_INFINITE_RECURSION = YES;
				CLANG_WARN_INT_CONVERSION = YES;
				CLANG_WARN_NON_LITERAL_NULL_CONVERSION = YES;
				CLANG_WARN_OBJC_IMPLICIT_RETAIN_SELF = YES;
				CLANG_WARN_OBJC_LITERAL_CONVERSION = YES;
				CLANG_WARN_OBJC_ROOT_CLASS = YES_ERROR;
				CLANG_WARN_QUOTED_INCLUDE_IN_FRAMEWORK_HEADER = YES;
				CLANG_WARN_RANGE_LOOP_ANALYSIS = YES;
				CLANG_WARN_STRICT_PROTOTYPES = YES;
				CLANG_WARN_SUSPICIOUS_MOVE = YES;
				CLANG_WARN_UNGUARDED_AVAILABILITY = YES_AGGRESSIVE;
				CLANG_WARN_UNREACHABLE_CODE = YES;
				CLANG_WARN__DUPLICATE_METHOD_MATCH = YES;
				COPY_PHASE_STRIP = NO;
				DEBUG_INFORMATION_FORMAT = "dwarf-with-dsym";
				ENABLE_NS_ASSERTIONS = NO;
				ENABLE_STRICT_OBJC_MSGSEND = YES;
				GCC_C_LANGUAGE_STANDARD = gnu11;
				GCC_NO_COMMON_BLOCKS = YES;
				GCC_WARN_64_TO_32_BIT_CONVERSION = YES;
				GCC_WARN_ABOUT_RETURN_TYPE = YES_ERROR;
				GCC_WARN_UNDECLARED_SELECTOR = YES;
				GCC_WARN_UNINITIALIZED_AUTOS = YES_AGGRESSIVE;
				GCC_WARN_UNUSED_FUNCTION = YES;
				GCC_WARN_UNUSED_VARIABLE = YES;
				IPHONEOS_DEPLOYMENT_TARGET = 16.0;
				MTL_ENABLE_DEBUG_INFO = NO;
				MTL_FAST_MATH = YES;
				SDKROOT = iphoneos;
				VALIDATE_PRODUCT = YES;
			};
			name = Release;
		};
		A76A15A828F43C5B00086B38 /* Debug */ = {
			isa = XCBuildConfiguration;
			baseConfigurationReference = 3B49E0C73BA853265940365C /* Pods-LookinDemoOC.debug.xcconfig */;
			buildSettings = {
				ASSETCATALOG_COMPILER_APPICON_NAME = AppIcon;
				ASSETCATALOG_COMPILER_GLOBAL_ACCENT_COLOR_NAME = AccentColor;
				CODE_SIGN_STYLE = Automatic;
				CURRENT_PROJECT_VERSION = 1;
				GENERATE_INFOPLIST_FILE = YES;
				INFOPLIST_FILE = LookinDemoOC/Info.plist;
				INFOPLIST_KEY_UIApplicationSupportsIndirectInputEvents = YES;
				INFOPLIST_KEY_UILaunchStoryboardName = LaunchScreen;
				INFOPLIST_KEY_UIMainStoryboardFile = Main;
				INFOPLIST_KEY_UISupportedInterfaceOrientations_iPad = "UIInterfaceOrientationPortrait UIInterfaceOrientationPortraitUpsideDown UIInterfaceOrientationLandscapeLeft UIInterfaceOrientationLandscapeRight";
				INFOPLIST_KEY_UISupportedInterfaceOrientations_iPhone = "UIInterfaceOrientationPortrait UIInterfaceOrientationLandscapeLeft UIInterfaceOrientationLandscapeRight";
				LD_RUNPATH_SEARCH_PATHS = (
					"$(inherited)",
					"@executable_path/Frameworks",
				);
				MARKETING_VERSION = 1.0;
				PRODUCT_BUNDLE_IDENTIFIER = Lookin.LookinDemoOC;
				PRODUCT_NAME = "$(TARGET_NAME)";
				SWIFT_EMIT_LOC_STRINGS = YES;
				TARGETED_DEVICE_FAMILY = "1,2";
			};
			name = Debug;
		};
		A76A15A928F43C5B00086B38 /* Release */ = {
			isa = XCBuildConfiguration;
			baseConfigurationReference = FD8E7F541A46626F2CA92333 /* Pods-LookinDemoOC.release.xcconfig */;
			buildSettings = {
				ASSETCATALOG_COMPILER_APPICON_NAME = AppIcon;
				ASSETCATALOG_COMPILER_GLOBAL_ACCENT_COLOR_NAME = AccentColor;
				CODE_SIGN_STYLE = Automatic;
				CURRENT_PROJECT_VERSION = 1;
				GENERATE_INFOPLIST_FILE = YES;
				INFOPLIST_FILE = LookinDemoOC/Info.plist;
				INFOPLIST_KEY_UIApplicationSupportsIndirectInputEvents = YES;
				INFOPLIST_KEY_UILaunchStoryboardName = LaunchScreen;
				INFOPLIST_KEY_UIMainStoryboardFile = Main;
				INFOPLIST_KEY_UISupportedInterfaceOrientations_iPad = "UIInterfaceOrientationPortrait UIInterfaceOrientationPortraitUpsideDown UIInterfaceOrientationLandscapeLeft UIInterfaceOrientationLandscapeRight";
				INFOPLIST_KEY_UISupportedInterfaceOrientations_iPhone = "UIInterfaceOrientationPortrait UIInterfaceOrientationLandscapeLeft UIInterfaceOrientationLandscapeRight";
				LD_RUNPATH_SEARCH_PATHS = (
					"$(inherited)",
					"@executable_path/Frameworks",
				);
				MARKETING_VERSION = 1.0;
				PRODUCT_BUNDLE_IDENTIFIER = Lookin.LookinDemoOC;
				PRODUCT_NAME = "$(TARGET_NAME)";
				SWIFT_EMIT_LOC_STRINGS = YES;
				TARGETED_DEVICE_FAMILY = "1,2";
			};
			name = Release;
		};
/* End XCBuildConfiguration section */

/* Begin XCConfigurationList section */
		A76A158928F43C5A00086B38 /* Build configuration list for PBXProject "LookinDemoOC" */ = {
			isa = XCConfigurationList;
			buildConfigurations = (
				A76A15A528F43C5B00086B38 /* Debug */,
				A76A15A628F43C5B00086B38 /* Release */,
			);
			defaultConfigurationIsVisible = 0;
			defaultConfigurationName = Release;
		};
		A76A15A728F43C5B00086B38 /* Build configuration list for PBXNativeTarget "LookinDemoOC" */ = {
			isa = XCConfigurationList;
			buildConfigurations = (
				A76A15A828F43C5B00086B38 /* Debug */,
				A76A15A928F43C5B00086B38 /* Release */,
			);
			defaultConfigurationIsVisible = 0;
			defaultConfigurationName = Release;
		};
/* End XCConfigurationList section */
	};
	rootObject = A76A158628F43C5A00086B38 /* Project object */;
}
