PODS:
  - LookinServer (1.1.0):
    - LookinServer/Core (= 1.1.0)
  - LookinServer/Core (1.1.0)

DEPENDENCIES:
  - LookinServer (from `../../`)

EXTERNAL SOURCES:
  LookinServer:
    :path: "../../"

SPEC CHECKSUMS:
  LookinServer: 625b23d275e58e35048a94ce5919a4dac5116374

PODFILE CHECKSUM: c1b5f203c9e81bcbf3888ba95a03c31e2435a4f7

COCOAPODS: 1.9.3
