PODS:
  - LookinServer (1.0.8):
    - LookinServer/Core (= 1.0.8)
  - LookinServer/Core (1.0.8)

DEPENDENCIES:
  - LookinServer (from `../../`)

EXTERNAL SOURCES:
  LookinServer:
    :path: "../../"

SPEC CHECKSUMS:
  LookinServer: 6052b2e9a2560b93c2b48b3ff003b38b9be7c5ad

PODFILE CHECKSUM: c1b5f203c9e81bcbf3888ba95a03c31e2435a4f7

COCOAPODS: 1.11.3
