PODS:
  - LookinServer (1.0.7):
    - LookinServer/Core (= 1.0.7)
  - LookinServer/Core (1.0.7)

DEPENDENCIES:
  - LookinServer (from `../../`)

EXTERNAL SOURCES:
  LookinServer:
    :path: "../../"

SPEC CHECKSUMS:
  LookinServer: c8e557dd001eb8e32fe5ff6e8c66ee29d1692b6f

PODFILE CHECKSUM: 5d02b8fad40bc4dd9d7ed5d9c076a8610bcd004d

COCOAPODS: 1.11.3
