PODS:
  - LookinServer (1.2.3):
    - LookinServer/Core (= 1.2.3)
  - LookinServer/Core (1.2.3)

DEPENDENCIES:
  - LookinServer (from `../../`)

EXTERNAL SOURCES:
  LookinServer:
    :path: "../../"

SPEC CHECKSUMS:
  LookinServer: 535f5d1ffd5823a3b0abaf97ba5c4108bd8cb5ea

PODFILE CHECKSUM: c1b5f203c9e81bcbf3888ba95a03c31e2435a4f7

COCOAPODS: 1.14.2
