PODS:
  - LookinServer (1.1.8):
    - LookinServer/Core (= 1.1.8)
  - LookinServer/Core (1.1.8)

DEPENDENCIES:
  - LookinServer (from `../../`)

EXTERNAL SOURCES:
  LookinServer:
    :path: "../../"

SPEC CHECKSUMS:
  LookinServer: 34c2773d2bc9c9ca0bfb963ec318a664ecdfda69

PODFILE CHECKSUM: c1b5f203c9e81bcbf3888ba95a03c31e2435a4f7

COCOAPODS: 1.12.1
